// !$*UTF8*$!
{
	archiveVersion = 1;
	classes = {
	};
	objectVersion = 56;
	objects = {

/* Begin PBXBuildFile section */
		9782B0352A754AC0009CDA0C /* PDF_CoreDataApp.swift in Sources */ = {isa = PBXBuildFile; fileRef = 9782B0342A754AC0009CDA0C /* PDF_CoreDataApp.swift */; };
		9782B0372A754AC0009CDA0C /* ContentView.swift in Sources */ = {isa = PBXBuildFile; fileRef = 9782B0362A754AC0009CDA0C /* ContentView.swift */; };
		9782B0392A754AC2009CDA0C /* Assets.xcassets in Resources */ = {isa = PBXBuildFile; fileRef = 9782B0382A754AC2009CDA0C /* Assets.xcassets */; };
		9782B03C2A754AC2009CDA0C /* Preview Assets.xcassets in Resources */ = {isa = PBXBuildFile; fileRef = 9782B03B2A754AC2009CDA0C /* Preview Assets.xcassets */; };
		9782B03E2A754AC2009CDA0C /* Persistence.swift in Sources */ = {isa = PBXBuildFile; fileRef = 9782B03D2A754AC2009CDA0C /* Persistence.swift */; };
		9782B0412A754AC2009CDA0C /* PDF_CoreData.xcdatamodeld in Sources */ = {isa = PBXBuildFile; fileRef = 9782B03F2A754AC2009CDA0C /* PDF_CoreData.xcdatamodeld */; };
		9782B04B2A754AC2009CDA0C /* PDF_CoreDataTests.swift in Sources */ = {isa = PBXBuildFile; fileRef = 9782B04A2A754AC2009CDA0C /* PDF_CoreDataTests.swift */; };
		9782B0552A754AC2009CDA0C /* PDF_CoreDataUITests.swift in Sources */ = {isa = PBXBuildFile; fileRef = 9782B0542A754AC2009CDA0C /* PDF_CoreDataUITests.swift */; };
		9782B0572A754AC2009CDA0C /* PDF_CoreDataUITestsLaunchTests.swift in Sources */ = {isa = PBXBuildFile; fileRef = 9782B0562A754AC2009CDA0C /* PDF_CoreDataUITestsLaunchTests.swift */; };
/* End PBXBuildFile section */

/* Begin PBXContainerItemProxy section */
		9782B0472A754AC2009CDA0C /* PBXContainerItemProxy */ = {
			isa = PBXContainerItemProxy;
			containerPortal = 9782B0292A754AC0009CDA0C /* Project object */;
			proxyType = 1;
			remoteGlobalIDString = 9782B0302A754AC0009CDA0C;
			remoteInfo = PDF_CoreData;
		};
		9782B0512A754AC2009CDA0C /* PBXContainerItemProxy */ = {
			isa = PBXContainerItemProxy;
			containerPortal = 9782B0292A754AC0009CDA0C /* Project object */;
			proxyType = 1;
			remoteGlobalIDString = 9782B0302A754AC0009CDA0C;
			remoteInfo = PDF_CoreData;
		};
/* End PBXContainerItemProxy section */

/* Begin PBXFileReference section */
		9782B0312A754AC0009CDA0C /* PDF_CoreData.app */ = {isa = PBXFileReference; explicitFileType = wrapper.application; includeInIndex = 0; path = PDF_CoreData.app; sourceTree = BUILT_PRODUCTS_DIR; };
		9782B0342A754AC0009CDA0C /* PDF_CoreDataApp.swift */ = {isa = PBXFileReference; lastKnownFileType = sourcecode.swift; path = PDF_CoreDataApp.swift; sourceTree = "<group>"; };
		9782B0362A754AC0009CDA0C /* ContentView.swift */ = {isa = PBXFileReference; lastKnownFileType = sourcecode.swift; path = ContentView.swift; sourceTree = "<group>"; };
		9782B0382A754AC2009CDA0C /* Assets.xcassets */ = {isa = PBXFileReference; lastKnownFileType = folder.assetcatalog; path = Assets.xcassets; sourceTree = "<group>"; };
		9782B03B2A754AC2009CDA0C /* Preview Assets.xcassets */ = {isa = PBXFileReference; lastKnownFileType = folder.assetcatalog; path = "Preview Assets.xcassets"; sourceTree = "<group>"; };
		9782B03D2A754AC2009CDA0C /* Persistence.swift */ = {isa = PBXFileReference; lastKnownFileType = sourcecode.swift; path = Persistence.swift; sourceTree = "<group>"; };
		9782B0402A754AC2009CDA0C /* PDF_CoreData.xcdatamodel */ = {isa = PBXFileReference; lastKnownFileType = wrapper.xcdatamodel; path = PDF_CoreData.xcdatamodel; sourceTree = "<group>"; };
		9782B0462A754AC2009CDA0C /* PDF_CoreDataTests.xctest */ = {isa = PBXFileReference; explicitFileType = wrapper.cfbundle; includeInIndex = 0; path = PDF_CoreDataTests.xctest; sourceTree = BUILT_PRODUCTS_DIR; };
		9782B04A2A754AC2009CDA0C /* PDF_CoreDataTests.swift */ = {isa = PBXFileReference; lastKnownFileType = sourcecode.swift; path = PDF_CoreDataTests.swift; sourceTree = "<group>"; };
		9782B0502A754AC2009CDA0C /* PDF_CoreDataUITests.xctest */ = {isa = PBXFileReference; explicitFileType = wrapper.cfbundle; includeInIndex = 0; path = PDF_CoreDataUITests.xctest; sourceTree = BUILT_PRODUCTS_DIR; };
		9782B0542A754AC2009CDA0C /* PDF_CoreDataUITests.swift */ = {isa = PBXFileReference; lastKnownFileType = sourcecode.swift; path = PDF_CoreDataUITests.swift; sourceTree = "<group>"; };
		9782B0562A754AC2009CDA0C /* PDF_CoreDataUITestsLaunchTests.swift */ = {isa = PBXFileReference; lastKnownFileType = sourcecode.swift; path = PDF_CoreDataUITestsLaunchTests.swift; sourceTree = "<group>"; };
/* End PBXFileReference section */

/* Begin PBXFrameworksBuildPhase section */
		9782B02E2A754AC0009CDA0C /* Frameworks */ = {
			isa = PBXFrameworksBuildPhase;
			buildActionMask = 2147483647;
			files = (
			);
			runOnlyForDeploymentPostprocessing = 0;
		};
		9782B0432A754AC2009CDA0C /* Frameworks */ = {
			isa = PBXFrameworksBuildPhase;
			buildActionMask = 2147483647;
			files = (
			);
			runOnlyForDeploymentPostprocessing = 0;
		};
		9782B04D2A754AC2009CDA0C /* Frameworks */ = {
			isa = PBXFrameworksBuildPhase;
			buildActionMask = 2147483647;
			files = (
			);
			runOnlyForDeploymentPostprocessing = 0;
		};
/* End PBXFrameworksBuildPhase section */

/* Begin PBXGroup section */
		9782B0282A754AC0009CDA0C = {
			isa = PBXGroup;
			children = (
				9782B0332A754AC0009CDA0C /* PDF_CoreData */,
				9782B0492A754AC2009CDA0C /* PDF_CoreDataTests */,
				9782B0532A754AC2009CDA0C /* PDF_CoreDataUITests */,
				9782B0322A754AC0009CDA0C /* Products */,
			);
			sourceTree = "<group>";
		};
		9782B0322A754AC0009CDA0C /* Products */ = {
			isa = PBXGroup;
			children = (
				9782B0312A754AC0009CDA0C /* PDF_CoreData.app */,
				9782B0462A754AC2009CDA0C /* PDF_CoreDataTests.xctest */,
				9782B0502A754AC2009CDA0C /* PDF_CoreDataUITests.xctest */,
			);
			name = Products;
			sourceTree = "<group>";
		};
		9782B0332A754AC0009CDA0C /* PDF_CoreData */ = {
			isa = PBXGroup;
			children = (
				9782B0342A754AC0009CDA0C /* PDF_CoreDataApp.swift */,
				9782B0362A754AC0009CDA0C /* ContentView.swift */,
				9782B0382A754AC2009CDA0C /* Assets.xcassets */,
				9782B03D2A754AC2009CDA0C /* Persistence.swift */,
				9782B03F2A754AC2009CDA0C /* PDF_CoreData.xcdatamodeld */,
				9782B03A2A754AC2009CDA0C /* Preview Content */,
			);
			path = PDF_CoreData;
			sourceTree = "<group>";
		};
		9782B03A2A754AC2009CDA0C /* Preview Content */ = {
			isa = PBXGroup;
			children = (
				9782B03B2A754AC2009CDA0C /* Preview Assets.xcassets */,
			);
			path = "Preview Content";
			sourceTree = "<group>";
		};
		9782B0492A754AC2009CDA0C /* PDF_CoreDataTests */ = {
			isa = PBXGroup;
			children = (
				9782B04A2A754AC2009CDA0C /* PDF_CoreDataTests.swift */,
			);
			path = PDF_CoreDataTests;
			sourceTree = "<group>";
		};
		9782B0532A754AC2009CDA0C /* PDF_CoreDataUITests */ = {
			isa = PBXGroup;
			children = (
				9782B0542A754AC2009CDA0C /* PDF_CoreDataUITests.swift */,
				9782B0562A754AC2009CDA0C /* PDF_CoreDataUITestsLaunchTests.swift */,
			);
			path = PDF_CoreDataUITests;
			sourceTree = "<group>";
		};
/* End PBXGroup section */

/* Begin PBXNativeTarget section */
		9782B0302A754AC0009CDA0C /* PDF_CoreData */ = {
			isa = PBXNativeTarget;
			buildConfigurationList = 9782B05A2A754AC2009CDA0C /* Build configuration list for PBXNativeTarget "PDF_CoreData" */;
			buildPhases = (
				9782B02D2A754AC0009CDA0C /* Sources */,
				9782B02E2A754AC0009CDA0C /* Frameworks */,
				9782B02F2A754AC0009CDA0C /* Resources */,
			);
			buildRules = (
			);
			dependencies = (
			);
			name = PDF_CoreData;
			productName = PDF_CoreData;
			productReference = 9782B0312A754AC0009CDA0C /* PDF_CoreData.app */;
			productType = "com.apple.product-type.application";
		};
		9782B0452A754AC2009CDA0C /* PDF_CoreDataTests */ = {
			isa = PBXNativeTarget;
			buildConfigurationList = 9782B05D2A754AC2009CDA0C /* Build configuration list for PBXNativeTarget "PDF_CoreDataTests" */;
			buildPhases = (
				9782B0422A754AC2009CDA0C /* Sources */,
				9782B0432A754AC2009CDA0C /* Frameworks */,
				9782B0442A754AC2009CDA0C /* Resources */,
			);
			buildRules = (
			);
			dependencies = (
				9782B0482A754AC2009CDA0C /* PBXTargetDependency */,
			);
			name = PDF_CoreDataTests;
			productName = PDF_CoreDataTests;
			productReference = 9782B0462A754AC2009CDA0C /* PDF_CoreDataTests.xctest */;
			productType = "com.apple.product-type.bundle.unit-test";
		};
		9782B04F2A754AC2009CDA0C /* PDF_CoreDataUITests */ = {
			isa = PBXNativeTarget;
			buildConfigurationList = 9782B0602A754AC2009CDA0C /* Build configuration list for PBXNativeTarget "PDF_CoreDataUITests" */;
			buildPhases = (
				9782B04C2A754AC2009CDA0C /* Sources */,
				9782B04D2A754AC2009CDA0C /* Frameworks */,
				9782B04E2A754AC2009CDA0C /* Resources */,
			);
			buildRules = (
			);
			dependencies = (
				9782B0522A754AC2009CDA0C /* PBXTargetDependency */,
			);
			name = PDF_CoreDataUITests;
			productName = PDF_CoreDataUITests;
			productReference = 9782B0502A754AC2009CDA0C /* PDF_CoreDataUITests.xctest */;
			productType = "com.apple.product-type.bundle.ui-testing";
		};
/* End PBXNativeTarget section */

/* Begin PBXProject section */
		9782B0292A754AC0009CDA0C /* Project object */ = {
			isa = PBXProject;
			attributes = {
				BuildIndependentTargetsInParallel = 1;
				LastSwiftUpdateCheck = 1430;
				LastUpgradeCheck = 1430;
				TargetAttributes = {
					9782B0302A754AC0009CDA0C = {
						CreatedOnToolsVersion = 14.3.1;
					};
					9782B0452A754AC2009CDA0C = {
						CreatedOnToolsVersion = 14.3.1;
						TestTargetID = 9782B0302A754AC0009CDA0C;
					};
					9782B04F2A754AC2009CDA0C = {
						CreatedOnToolsVersion = 14.3.1;
						TestTargetID = 9782B0302A754AC0009CDA0C;
					};
				};
			};
			buildConfigurationList = 9782B02C2A754AC0009CDA0C /* Build configuration list for PBXProject "PDF_CoreData" */;
			compatibilityVersion = "Xcode 14.0";
			developmentRegion = en;
			hasScannedForEncodings = 0;
			knownRegions = (
				en,
				Base,
			);
			mainGroup = 9782B0282A754AC0009CDA0C;
			productRefGroup = 9782B0322A754AC0009CDA0C /* Products */;
			projectDirPath = "";
			projectRoot = "";
			targets = (
				9782B0302A754AC0009CDA0C /* PDF_CoreData */,
				9782B0452A754AC2009CDA0C /* PDF_CoreDataTests */,
				9782B04F2A754AC2009CDA0C /* PDF_CoreDataUITests */,
			);
		};
/* End PBXProject section */

/* Begin PBXResourcesBuildPhase section */
		9782B02F2A754AC0009CDA0C /* Resources */ = {
			isa = PBXResourcesBuildPhase;
			buildActionMask = 2147483647;
			files = (
				9782B03C2A754AC2009CDA0C /* Preview Assets.xcassets in Resources */,
				9782B0392A754AC2009CDA0C /* Assets.xcassets in Resources */,
			);
			runOnlyForDeploymentPostprocessing = 0;
		};
		9782B0442A754AC2009CDA0C /* Resources */ = {
			isa = PBXResourcesBuildPhase;
			buildActionMask = 2147483647;
			files = (
			);
			runOnlyForDeploymentPostprocessing = 0;
		};
		9782B04E2A754AC2009CDA0C /* Resources */ = {
			isa = PBXResourcesBuildPhase;
			buildActionMask = 2147483647;
			files = (
			);
			runOnlyForDeploymentPostprocessing = 0;
		};
/* End PBXResourcesBuildPhase section */

/* Begin PBXSourcesBuildPhase section */
		9782B02D2A754AC0009CDA0C /* Sources */ = {
			isa = PBXSourcesBuildPhase;
			buildActionMask = 2147483647;
			files = (
				9782B03E2A754AC2009CDA0C /* Persistence.swift in Sources */,
				9782B0412A754AC2009CDA0C /* PDF_CoreData.xcdatamodeld in Sources */,
				9782B0372A754AC0009CDA0C /* ContentView.swift in Sources */,
				9782B0352A754AC0009CDA0C /* PDF_CoreDataApp.swift in Sources */,
			);
			runOnlyForDeploymentPostprocessing = 0;
		};
		9782B0422A754AC2009CDA0C /* Sources */ = {
			isa = PBXSourcesBuildPhase;
			buildActionMask = 2147483647;
			files = (
				9782B04B2A754AC2009CDA0C /* PDF_CoreDataTests.swift in Sources */,
			);
			runOnlyForDeploymentPostprocessing = 0;
		};
		9782B04C2A754AC2009CDA0C /* Sources */ = {
			isa = PBXSourcesBuildPhase;
			buildActionMask = 2147483647;
			files = (
				9782B0572A754AC2009CDA0C /* PDF_CoreDataUITestsLaunchTests.swift in Sources */,
				9782B0552A754AC2009CDA0C /* PDF_CoreDataUITests.swift in Sources */,
			);
			runOnlyForDeploymentPostprocessing = 0;
		};
/* End PBXSourcesBuildPhase section */

/* Begin PBXTargetDependency section */
		9782B0482A754AC2009CDA0C /* PBXTargetDependency */ = {
			isa = PBXTargetDependency;
			target = 9782B0302A754AC0009CDA0C /* PDF_CoreData */;
			targetProxy = 9782B0472A754AC2009CDA0C /* PBXContainerItemProxy */;
		};
		9782B0522A754AC2009CDA0C /* PBXTargetDependency */ = {
			isa = PBXTargetDependency;
			target = 9782B0302A754AC0009CDA0C /* PDF_CoreData */;
			targetProxy = 9782B0512A754AC2009CDA0C /* PBXContainerItemProxy */;
		};
/* End PBXTargetDependency section */

/* Begin XCBuildConfiguration section */
		9782B0582A754AC2009CDA0C /* Debug */ = {
			isa = XCBuildConfiguration;
			buildSettings = {
				ALWAYS_SEARCH_USER_PATHS = NO;
				CLANG_ANALYZER_NONNULL = YES;
				CLANG_ANALYZER_NUMBER_OBJECT_CONVERSION = YES_AGGRESSIVE;
				CLANG_CXX_LANGUAGE_STANDARD = "gnu++20";
				CLANG_ENABLE_MODULES = YES;
				CLANG_ENABLE_OBJC_ARC = YES;
				CLANG_ENABLE_OBJC_WEAK = YES;
				CLANG_WARN_BLOCK_CAPTURE_AUTORELEASING = YES;
				CLANG_WARN_BOOL_CONVERSION = YES;
				CLANG_WARN_COMMA = YES;
				CLANG_WARN_CONSTANT_CONVERSION = YES;
				CLANG_WARN_DEPRECATED_OBJC_IMPLEMENTATIONS = YES;
				CLANG_WARN_DIRECT_OBJC_ISA_USAGE = YES_ERROR;
				CLANG_WARN_DOCUMENTATION_COMMENTS = YES;
				CLANG_WARN_EMPTY_BODY = YES;
				CLANG_WARN_ENUM_CONVERSION = YES;
				CLANG_WARN_INFINITE_RECURSION = YES;
				CLANG_WARN_INT_CONVERSION = YES;
				CLANG_WARN_NON_LITERAL_NULL_CONVERSION = YES;
				CLANG_WARN_OBJC_IMPLICIT_RETAIN_SELF = YES;
				CLANG_WARN_OBJC_LITERAL_CONVERSION = YES;
				CLANG_WARN_OBJC_ROOT_CLASS = YES_ERROR;
				CLANG_WARN_QUOTED_INCLUDE_IN_FRAMEWORK_HEADER = YES;
				CLANG_WARN_RANGE_LOOP_ANALYSIS = YES;
				CLANG_WARN_STRICT_PROTOTYPES = YES;
				CLANG_WARN_SUSPICIOUS_MOVE = YES;
				CLANG_WARN_UNGUARDED_AVAILABILITY = YES_AGGRESSIVE;
				CLANG_WARN_UNREACHABLE_CODE = YES;
				CLANG_WARN__DUPLICATE_METHOD_MATCH = YES;
				COPY_PHASE_STRIP = NO;
				DEBUG_INFORMATION_FORMAT = dwarf;
				ENABLE_STRICT_OBJC_MSGSEND = YES;
				ENABLE_TESTABILITY = YES;
				GCC_C_LANGUAGE_STANDARD = gnu11;
				GCC_DYNAMIC_NO_PIC = NO;
				GCC_NO_COMMON_BLOCKS = YES;
				GCC_OPTIMIZATION_LEVEL = 0;
				GCC_PREPROCESSOR_DEFINITIONS = (
					"DEBUG=1",
					"$(inherited)",
				);
				GCC_WARN_64_TO_32_BIT_CONVERSION = YES;
				GCC_WARN_ABOUT_RETURN_TYPE = YES_ERROR;
				GCC_WARN_UNDECLARED_SELECTOR = YES;
				GCC_WARN_UNINITIALIZED_AUTOS = YES_AGGRESSIVE;
				GCC_WARN_UNUSED_FUNCTION = YES;
				GCC_WARN_UNUSED_VARIABLE = YES;
				IPHONEOS_DEPLOYMENT_TARGET = 16.4;
				MTL_ENABLE_DEBUG_INFO = INCLUDE_SOURCE;
				MTL_FAST_MATH = YES;
				ONLY_ACTIVE_ARCH = YES;
				SDKROOT = iphoneos;
				SWIFT_ACTIVE_COMPILATION_CONDITIONS = DEBUG;
				SWIFT_OPTIMIZATION_LEVEL = "-Onone";
			};
			name = Debug;
		};
		9782B0592A754AC2009CDA0C /* Release */ = {
			isa = XCBuildConfiguration;
			buildSettings = {
				ALWAYS_SEARCH_USER_PATHS = NO;
				CLANG_ANALYZER_NONNULL = YES;
				CLANG_ANALYZER_NUMBER_OBJECT_CONVERSION = YES_AGGRESSIVE;
				CLANG_CXX_LANGUAGE_STANDARD = "gnu++20";
				CLANG_ENABLE_MODULES = YES;
				CLANG_ENABLE_OBJC_ARC = YES;
				CLANG_ENABLE_OBJC_WEAK = YES;
				CLANG_WARN_BLOCK_CAPTURE_AUTORELEASING = YES;
				CLANG_WARN_BOOL_CONVERSION = YES;
				CLANG_WARN_COMMA = YES;
				CLANG_WARN_CONSTANT_CONVERSION = YES;
				CLANG_WARN_DEPRECATED_OBJC_IMPLEMENTATIONS = YES;
				CLANG_WARN_DIRECT_OBJC_ISA_USAGE = YES_ERROR;
				CLANG_WARN_DOCUMENTATION_COMMENTS = YES;
				CLANG_WARN_EMPTY_BODY = YES;
				CLANG_WARN_ENUM_CONVERSION = YES;
				CLANG_WARN_INFINITE_RECURSION = YES;
				CLANG_WARN_INT_CONVERSION = YES;
				CLANG_WARN_NON_LITERAL_NULL_CONVERSION = YES;
				CLANG_WARN_OBJC_IMPLICIT_RETAIN_SELF = YES;
				CLANG_WARN_OBJC_LITERAL_CONVERSION = YES;
				CLANG_WARN_OBJC_ROOT_CLASS = YES_ERROR;
				CLANG_WARN_QUOTED_INCLUDE_IN_FRAMEWORK_HEADER = YES;
				CLANG_WARN_RANGE_LOOP_ANALYSIS = YES;
				CLANG_WARN_STRICT_PROTOTYPES = YES;
				CLANG_WARN_SUSPICIOUS_MOVE = YES;
				CLANG_WARN_UNGUARDED_AVAILABILITY = YES_AGGRESSIVE;
				CLANG_WARN_UNREACHABLE_CODE = YES;
				CLANG_WARN__DUPLICATE_METHOD_MATCH = YES;
				COPY_PHASE_STRIP = NO;
				DEBUG_INFORMATION_FORMAT = "dwarf-with-dsym";
				ENABLE_NS_ASSERTIONS = NO;
				ENABLE_STRICT_OBJC_MSGSEND = YES;
				GCC_C_LANGUAGE_STANDARD = gnu11;
				GCC_NO_COMMON_BLOCKS = YES;
				GCC_WARN_64_TO_32_BIT_CONVERSION = YES;
				GCC_WARN_ABOUT_RETURN_TYPE = YES_ERROR;
				GCC_WARN_UNDECLARED_SELECTOR = YES;
				GCC_WARN_UNINITIALIZED_AUTOS = YES_AGGRESSIVE;
				GCC_WARN_UNUSED_FUNCTION = YES;
				GCC_WARN_UNUSED_VARIABLE = YES;
				IPHONEOS_DEPLOYMENT_TARGET = 16.4;
				MTL_ENABLE_DEBUG_INFO = NO;
				MTL_FAST_MATH = YES;
				SDKROOT = iphoneos;
				SWIFT_COMPILATION_MODE = wholemodule;
				SWIFT_OPTIMIZATION_LEVEL = "-O";
				VALIDATE_PRODUCT = YES;
			};
			name = Release;
		};
		9782B05B2A754AC2009CDA0C /* Debug */ = {
			isa = XCBuildConfiguration;
			buildSettings = {
				ASSETCATALOG_COMPILER_APPICON_NAME = AppIcon;
				ASSETCATALOG_COMPILER_GLOBAL_ACCENT_COLOR_NAME = AccentColor;
				CODE_SIGN_STYLE = Automatic;
				CURRENT_PROJECT_VERSION = 1;
				DEVELOPMENT_ASSET_PATHS = "\"PDF_CoreData/Preview Content\"";
				DEVELOPMENT_TEAM = 66U8594N44;
				ENABLE_PREVIEWS = YES;
				GENERATE_INFOPLIST_FILE = YES;
				INFOPLIST_KEY_UIApplicationSceneManifest_Generation = YES;
				INFOPLIST_KEY_UIApplicationSupportsIndirectInputEvents = YES;
				INFOPLIST_KEY_UILaunchScreen_Generation = YES;
				INFOPLIST_KEY_UISupportedInterfaceOrientations_iPad = "UIInterfaceOrientationPortrait UIInterfaceOrientationPortraitUpsideDown UIInterfaceOrientationLandscapeLeft UIInterfaceOrientationLandscapeRight";
				INFOPLIST_KEY_UISupportedInterfaceOrientations_iPhone = "UIInterfaceOrientationPortrait UIInterfaceOrientationLandscapeLeft UIInterfaceOrientationLandscapeRight";
				LD_RUNPATH_SEARCH_PATHS = (
					"$(inherited)",
					"@executable_path/Frameworks",
				);
				MARKETING_VERSION = 1.0;
				PRODUCT_BUNDLE_IDENTIFIER = "com.konishiyama.PDF-CoreData";
				PRODUCT_NAME = "$(TARGET_NAME)";
				SWIFT_EMIT_LOC_STRINGS = YES;
				SWIFT_VERSION = 5.0;
				TARGETED_DEVICE_FAMILY = "1,2";
			};
			name = Debug;
		};
		9782B05C2A754AC2009CDA0C /* Release */ = {
			isa = XCBuildConfiguration;
			buildSettings = {
				ASSETCATALOG_COMPILER_APPICON_NAME = AppIcon;
				ASSETCATALOG_COMPILER_GLOBAL_ACCENT_COLOR_NAME = AccentColor;
				CODE_SIGN_STYLE = Automatic;
				CURRENT_PROJECT_VERSION = 1;
				DEVELOPMENT_ASSET_PATHS = "\"PDF_CoreData/Preview Content\"";
				DEVELOPMENT_TEAM = 66U8594N44;
				ENABLE_PREVIEWS = YES;
				GENERATE_INFOPLIST_FILE = YES;
				INFOPLIST_KEY_UIApplicationSceneManifest_Generation = YES;
				INFOPLIST_KEY_UIApplicationSupportsIndirectInputEvents = YES;
				INFOPLIST_KEY_UILaunchScreen_Generation = YES;
				INFOPLIST_KEY_UISupportedInterfaceOrientations_iPad = "UIInterfaceOrientationPortrait UIInterfaceOrientationPortraitUpsideDown UIInterfaceOrientationLandscapeLeft UIInterfaceOrientationLandscapeRight";
				INFOPLIST_KEY_UISupportedInterfaceOrientations_iPhone = "UIInterfaceOrientationPortrait UIInterfaceOrientationLandscapeLeft UIInterfaceOrientationLandscapeRight";
				LD_RUNPATH_SEARCH_PATHS = (
					"$(inherited)",
					"@executable_path/Frameworks",
				);
				MARKETING_VERSION = 1.0;
				PRODUCT_BUNDLE_IDENTIFIER = "com.konishiyama.PDF-CoreData";
				PRODUCT_NAME = "$(TARGET_NAME)";
				SWIFT_EMIT_LOC_STRINGS = YES;
				SWIFT_VERSION = 5.0;
				TARGETED_DEVICE_FAMILY = "1,2";
			};
			name = Release;
		};
		9782B05E2A754AC2009CDA0C /* Debug */ = {
			isa = XCBuildConfiguration;
			buildSettings = {
				ALWAYS_EMBED_SWIFT_STANDARD_LIBRARIES = YES;
				BUNDLE_LOADER = "$(TEST_HOST)";
				CODE_SIGN_STYLE = Automatic;
				CURRENT_PROJECT_VERSION = 1;
				DEVELOPMENT_TEAM = 66U8594N44;
				GENERATE_INFOPLIST_FILE = YES;
				IPHONEOS_DEPLOYMENT_TARGET = 16.4;
				MARKETING_VERSION = 1.0;
				PRODUCT_BUNDLE_IDENTIFIER = "com.konishiyama.PDF-CoreDataTests";
				PRODUCT_NAME = "$(TARGET_NAME)";
				SWIFT_EMIT_LOC_STRINGS = NO;
				SWIFT_VERSION = 5.0;
				TARGETED_DEVICE_FAMILY = "1,2";
				TEST_HOST = "$(BUILT_PRODUCTS_DIR)/PDF_CoreData.app/$(BUNDLE_EXECUTABLE_FOLDER_PATH)/PDF_CoreData";
			};
			name = Debug;
		};
		9782B05F2A754AC2009CDA0C /* Release */ = {
			isa = XCBuildConfiguration;
			buildSettings = {
				ALWAYS_EMBED_SWIFT_STANDARD_LIBRARIES = YES;
				BUNDLE_LOADER = "$(TEST_HOST)";
				CODE_SIGN_STYLE = Automatic;
				CURRENT_PROJECT_VERSION = 1;
				DEVELOPMENT_TEAM = 66U8594N44;
				GENERATE_INFOPLIST_FILE = YES;
				IPHONEOS_DEPLOYMENT_TARGET = 16.4;
				MARKETING_VERSION = 1.0;
				PRODUCT_BUNDLE_IDENTIFIER = "com.konishiyama.PDF-CoreDataTests";
				PRODUCT_NAME = "$(TARGET_NAME)";
				SWIFT_EMIT_LOC_STRINGS = NO;
				SWIFT_VERSION = 5.0;
				TARGETED_DEVICE_FAMILY = "1,2";
				TEST_HOST = "$(BUILT_PRODUCTS_DIR)/PDF_CoreData.app/$(BUNDLE_EXECUTABLE_FOLDER_PATH)/PDF_CoreData";
			};
			name = Release;
		};
		9782B0612A754AC2009CDA0C /* Debug */ = {
			isa = XCBuildConfiguration;
			buildSettings = {
				ALWAYS_EMBED_SWIFT_STANDARD_LIBRARIES = YES;
				CODE_SIGN_STYLE = Automatic;
				CURRENT_PROJECT_VERSION = 1;
				DEVELOPMENT_TEAM = 66U8594N44;
				GENERATE_INFOPLIST_FILE = YES;
				MARKETING_VERSION = 1.0;
				PRODUCT_BUNDLE_IDENTIFIER = "com.konishiyama.PDF-CoreDataUITests";
				PRODUCT_NAME = "$(TARGET_NAME)";
				SWIFT_EMIT_LOC_STRINGS = NO;
				SWIFT_VERSION = 5.0;
				TARGETED_DEVICE_FAMILY = "1,2";
				TEST_TARGET_NAME = PDF_CoreData;
			};
			name = Debug;
		};
		9782B0622A754AC2009CDA0C /* Release */ = {
			isa = XCBuildConfiguration;
			buildSettings = {
				ALWAYS_EMBED_SWIFT_STANDARD_LIBRARIES = YES;
				CODE_SIGN_STYLE = Automatic;
				CURRENT_PROJECT_VERSION = 1;
				DEVELOPMENT_TEAM = 66U8594N44;
				GENERATE_INFOPLIST_FILE = YES;
				MARKETING_VERSION = 1.0;
				PRODUCT_BUNDLE_IDENTIFIER = "com.konishiyama.PDF-CoreDataUITests";
				PRODUCT_NAME = "$(TARGET_NAME)";
				SWIFT_EMIT_LOC_STRINGS = NO;
				SWIFT_VERSION = 5.0;
				TARGETED_DEVICE_FAMILY = "1,2";
				TEST_TARGET_NAME = PDF_CoreData;
			};
			name = Release;
		};
/* End XCBuildConfiguration section */

/* Begin XCConfigurationList section */
		9782B02C2A754AC0009CDA0C /* Build configuration list for PBXProject "PDF_CoreData" */ = {
			isa = XCConfigurationList;
			buildConfigurations = (
				9782B0582A754AC2009CDA0C /* Debug */,
				9782B0592A754AC2009CDA0C /* Release */,
			);
			defaultConfigurationIsVisible = 0;
			defaultConfigurationName = Release;
		};
		9782B05A2A754AC2009CDA0C /* Build configuration list for PBXNativeTarget "PDF_CoreData" */ = {
			isa = XCConfigurationList;
			buildConfigurations = (
				9782B05B2A754AC2009CDA0C /* Debug */,
				9782B05C2A754AC2009CDA0C /* Release */,
			);
			defaultConfigurationIsVisible = 0;
			defaultConfigurationName = Release;
		};
		9782B05D2A754AC2009CDA0C /* Build configuration list for PBXNativeTarget "PDF_CoreDataTests" */ = {
			isa = XCConfigurationList;
			buildConfigurations = (
				9782B05E2A754AC2009CDA0C /* Debug */,
				9782B05F2A754AC2009CDA0C /* Release */,
			);
			defaultConfigurationIsVisible = 0;
			defaultConfigurationName = Release;
		};
		9782B0602A754AC2009CDA0C /* Build configuration list for PBXNativeTarget "PDF_CoreDataUITests" */ = {
			isa = XCConfigurationList;
			buildConfigurations = (
				9782B0612A754AC2009CDA0C /* Debug */,
				9782B0622A754AC2009CDA0C /* Release */,
			);
			defaultConfigurationIsVisible = 0;
			defaultConfigurationName = Release;
		};
/* End XCConfigurationList section */

/* Begin XCVersionGroup section */
		9782B03F2A754AC2009CDA0C /* PDF_CoreData.xcdatamodeld */ = {
			isa = XCVersionGroup;
			children = (
				9782B0402A754AC2009CDA0C /* PDF_CoreData.xcdatamodel */,
			);
			currentVersion = 9782B0402A754AC2009CDA0C /* PDF_CoreData.xcdatamodel */;
			path = PDF_CoreData.xcdatamodeld;
			sourceTree = "<group>";
			versionGroupType = wrapper.xcdatamodel;
		};
/* End XCVersionGroup section */
	};
	rootObject = 9782B0292A754AC0009CDA0C /* Project object */;
}
